
Microsoft Visual Studio Solution File, Format Version 12.00
# Visual Studio Version 17
VisualStudioVersion = 17.9.34714.143
MinimumVisualStudioVersion = 10.0.40219.1
Project("{FAE04EC0-301F-11D3-BF4B-00C04F79EFBC}") = "Bank", "Bank\Bank.csproj", "{3140FC44-AE6A-4355-9130-B625C81F49C5}"
EndProject
Global
	GlobalSection(SolutionConfigurationPlatforms) = preSolution
		Debug|Any CPU = Debug|Any CPU
		Release|Any CPU = Release|Any CPU
	EndGlobalSection
	GlobalSection(ProjectConfigurationPlatforms) = postSolution
		{3140FC44-AE6A-4355-9130-B625C81F49C5}.Debug|Any CPU.ActiveCfg = Debug|Any CPU
		{3140FC44-AE6A-4355-9130-B625C81F49C5}.Debug|Any CPU.Build.0 = Debug|Any CPU
		{3140FC44-AE6A-4355-9130-B625C81F49C5}.Release|Any CPU.ActiveCfg = Release|Any CPU
		{3140FC44-AE6A-4355-9130-B625C81F49C5}.Release|Any CPU.Build.0 = Release|Any CPU
	EndGlobalSection
	GlobalSection(SolutionProperties) = preSolution
		HideSolutionNode = FALSE
	EndGlobalSection
	GlobalSection(ExtensibilityGlobals) = postSolution
		SolutionGuid = {971A3F14-C419-47E3-A2BE-531AD5DD03C0}
	EndGlobalSection
EndGlobal
